// !$*UTF8*$!
{
	archiveVersion = 1;
	classes = {
	};
	objectVersion = 46;
	objects = {

/* Begin PBXBuildFile section */
		F1CFA9CF1D5AB69000685A17 /* main.m in Sources */ = {isa = PBXBuildFile; fileRef = F1CFA9CE1D5AB69000685A17 /* main.m */; };
		F1CFA9E51D5BEA2600685A17 /* Card.m in Sources */ = {isa = PBXBuildFile; fileRef = F1CFA9E41D5BEA2600685A17 /* Card.m */; };
		F1CFA9E81D5BEA3400685A17 /* Deck.m in Sources */ = {isa = PBXBuildFile; fileRef = F1CFA9E71D5BEA3400685A17 /* Deck.m */; };
		F1CFA9EB1D5BEA6100685A17 /* DeckController.m in Sources */ = {isa = PBXBuildFile; fileRef = F1CFA9EA1D5BEA6100685A17 /* DeckController.m */; };
/* End PBXBuildFile section */

/* Begin PBXCopyFilesBuildPhase section */
		F1CFA9C91D5AB69000685A17 /* CopyFiles */ = {
			isa = PBXCopyFilesBuildPhase;
			buildActionMask = 2147483647;
			dstPath = /usr/share/man/man1/;
			dstSubfolderSpec = 0;
			files = (
			);
			runOnlyForDeploymentPostprocessing = 1;
		};
/* End PBXCopyFilesBuildPhase section */

/* Begin PBXFileReference section */
		F1CFA9CB1D5AB69000685A17 /* GoPro */ = {isa = PBXFileReference; explicitFileType = "compiled.mach-o.executable"; includeInIndex = 0; path = GoPro; sourceTree = BUILT_PRODUCTS_DIR; };
		F1CFA9CE1D5AB69000685A17 /* main.m */ = {isa = PBXFileReference; lastKnownFileType = sourcecode.c.objc; path = main.m; sourceTree = "<group>"; };
		F1CFA9E31D5BEA2600685A17 /* Card.h */ = {isa = PBXFileReference; fileEncoding = 4; lastKnownFileType = sourcecode.c.h; path = Card.h; sourceTree = "<group>"; };
		F1CFA9E41D5BEA2600685A17 /* Card.m */ = {isa = PBXFileReference; fileEncoding = 4; lastKnownFileType = sourcecode.c.objc; path = Card.m; sourceTree = "<group>"; };
		F1CFA9E61D5BEA3400685A17 /* Deck.h */ = {isa = PBXFileReference; fileEncoding = 4; lastKnownFileType = sourcecode.c.h; path = Deck.h; sourceTree = "<group>"; };
		F1CFA9E71D5BEA3400685A17 /* Deck.m */ = {isa = PBXFileReference; fileEncoding = 4; lastKnownFileType = sourcecode.c.objc; path = Deck.m; sourceTree = "<group>"; };
		F1CFA9E91D5BEA6100685A17 /* DeckController.h */ = {isa = PBXFileReference; fileEncoding = 4; lastKnownFileType = sourcecode.c.h; path = DeckController.h; sourceTree = "<group>"; };
		F1CFA9EA1D5BEA6100685A17 /* DeckController.m */ = {isa = PBXFileReference; fileEncoding = 4; lastKnownFileType = sourcecode.c.objc; path = DeckController.m; sourceTree = "<group>"; };
/* End PBXFileReference section */

/* Begin PBXFrameworksBuildPhase section */
		F1CFA9C81D5AB69000685A17 /* Frameworks */ = {
			isa = PBXFrameworksBuildPhase;
			buildActionMask = 2147483647;
			files = (
			);
			runOnlyForDeploymentPostprocessing = 0;
		};
/* End PBXFrameworksBuildPhase section */

/* Begin PBXGroup section */
		F1CFA9C21D5AB69000685A17 = {
			isa = PBXGroup;
			children = (
				F1CFA9CD1D5AB69000685A17 /* GoPro */,
				F1CFA9CC1D5AB69000685A17 /* Products */,
			);
			sourceTree = "<group>";
		};
		F1CFA9CC1D5AB69000685A17 /* Products */ = {
			isa = PBXGroup;
			children = (
				F1CFA9CB1D5AB69000685A17 /* GoPro */,
			);
			name = Products;
			sourceTree = "<group>";
		};
		F1CFA9CD1D5AB69000685A17 /* GoPro */ = {
			isa = PBXGroup;
			children = (
				F1CFA9CE1D5AB69000685A17 /* main.m */,
				F1CFA9E31D5BEA2600685A17 /* Card.h */,
				F1CFA9E41D5BEA2600685A17 /* Card.m */,
				F1CFA9E61D5BEA3400685A17 /* Deck.h */,
				F1CFA9E71D5BEA3400685A17 /* Deck.m */,
				F1CFA9E91D5BEA6100685A17 /* DeckController.h */,
				F1CFA9EA1D5BEA6100685A17 /* DeckController.m */,
			);
			path = GoPro;
			sourceTree = "<group>";
		};
/* End PBXGroup section */

/* Begin PBXNativeTarget section */
		F1CFA9CA1D5AB69000685A17 /* GoPro */ = {
			isa = PBXNativeTarget;
			buildConfigurationList = F1CFA9D21D5AB69000685A17 /* Build configuration list for PBXNativeTarget "GoPro" */;
			buildPhases = (
				F1CFA9C71D5AB69000685A17 /* Sources */,
				F1CFA9C81D5AB69000685A17 /* Frameworks */,
				F1CFA9C91D5AB69000685A17 /* CopyFiles */,
			);
			buildRules = (
			);
			dependencies = (
			);
			name = GoPro;
			productName = GoPro;
			productReference = F1CFA9CB1D5AB69000685A17 /* GoPro */;
			productType = "com.apple.product-type.tool";
		};
/* End PBXNativeTarget section */

/* Begin PBXProject section */
		F1CFA9C31D5AB69000685A17 /* Project object */ = {
			isa = PBXProject;
			attributes = {
				LastUpgradeCheck = 0730;
				ORGANIZATIONNAME = DavidSchechter;
				TargetAttributes = {
					F1CFA9CA1D5AB69000685A17 = {
						CreatedOnToolsVersion = 7.3.1;
					};
				};
			};
			buildConfigurationList = F1CFA9C61D5AB69000685A17 /* Build configuration list for PBXProject "GoPro" */;
			compatibilityVersion = "Xcode 3.2";
			developmentRegion = English;
			hasScannedForEncodings = 0;
			knownRegions = (
				en,
			);
			mainGroup = F1CFA9C21D5AB69000685A17;
			productRefGroup = F1CFA9CC1D5AB69000685A17 /* Products */;
			projectDirPath = "";
			projectRoot = "";
			targets = (
				F1CFA9CA1D5AB69000685A17 /* GoPro */,
			);
		};
/* End PBXProject section */

/* Begin PBXSourcesBuildPhase section */
		F1CFA9C71D5AB69000685A17 /* Sources */ = {
			isa = PBXSourcesBuildPhase;
			buildActionMask = 2147483647;
			files = (
				F1CFA9CF1D5AB69000685A17 /* main.m in Sources */,
				F1CFA9E81D5BEA3400685A17 /* Deck.m in Sources */,
				F1CFA9EB1D5BEA6100685A17 /* DeckController.m in Sources */,
				F1CFA9E51D5BEA2600685A17 /* Card.m in Sources */,
			);
			runOnlyForDeploymentPostprocessing = 0;
		};
/* End PBXSourcesBuildPhase section */

/* Begin XCBuildConfiguration section */
		F1CFA9D01D5AB69000685A17 /* Debug */ = {
			isa = XCBuildConfiguration;
			buildSettings = {
				ALWAYS_SEARCH_USER_PATHS = NO;
				CLANG_ANALYZER_NONNULL = YES;
				CLANG_CXX_LANGUAGE_STANDARD = "gnu++0x";
				CLANG_CXX_LIBRARY = "libc++";
				CLANG_ENABLE_MODULES = YES;
				CLANG_ENABLE_OBJC_ARC = YES;
				CLANG_WARN_BOOL_CONVERSION = YES;
				CLANG_WARN_CONSTANT_CONVERSION = YES;
				CLANG_WARN_DIRECT_OBJC_ISA_USAGE = YES_ERROR;
				CLANG_WARN_EMPTY_BODY = YES;
				CLANG_WARN_ENUM_CONVERSION = YES;
				CLANG_WARN_INT_CONVERSION = YES;
				CLANG_WARN_OBJC_ROOT_CLASS = YES_ERROR;
				CLANG_WARN_UNREACHABLE_CODE = YES;
				CLANG_WARN__DUPLICATE_METHOD_MATCH = YES;
				CODE_SIGN_IDENTITY = "-";
				COPY_PHASE_STRIP = NO;
				DEBUG_INFORMATION_FORMAT = dwarf;
				ENABLE_STRICT_OBJC_MSGSEND = YES;
				ENABLE_TESTABILITY = YES;
				GCC_C_LANGUAGE_STANDARD = gnu99;
				GCC_DYNAMIC_NO_PIC = NO;
				GCC_NO_COMMON_BLOCKS = YES;
				GCC_OPTIMIZATION_LEVEL = 0;
				GCC_PREPROCESSOR_DEFINITIONS = (
					"DEBUG=1",
					"$(inherited)",
				);
				GCC_WARN_64_TO_32_BIT_CONVERSION = YES;
				GCC_WARN_ABOUT_RETURN_TYPE = YES_ERROR;
				GCC_WARN_UNDECLARED_SELECTOR = YES;
				GCC_WARN_UNINITIALIZED_AUTOS = YES_AGGRESSIVE;
				GCC_WARN_UNUSED_FUNCTION = YES;
				GCC_WARN_UNUSED_VARIABLE = YES;
				MACOSX_DEPLOYMENT_TARGET = 10.11;
				MTL_ENABLE_DEBUG_INFO = YES;
				ONLY_ACTIVE_ARCH = YES;
				SDKROOT = macosx;
			};
			name = Debug;
		};
		F1CFA9D11D5AB69000685A17 /* Release */ = {
			isa = XCBuildConfiguration;
			buildSettings = {
				ALWAYS_SEARCH_USER_PATHS = NO;
				CLANG_ANALYZER_NONNULL = YES;
				CLANG_CXX_LANGUAGE_STANDARD = "gnu++0x";
				CLANG_CXX_LIBRARY = "libc++";
				CLANG_ENABLE_MODULES = YES;
				CLANG_ENABLE_OBJC_ARC = YES;
				CLANG_WARN_BOOL_CONVERSION = YES;
				CLANG_WARN_CONSTANT_CONVERSION = YES;
				CLANG_WARN_DIRECT_OBJC_ISA_USAGE = YES_ERROR;
				CLANG_WARN_EMPTY_BODY = YES;
				CLANG_WARN_ENUM_CONVERSION = YES;
				CLANG_WARN_INT_CONVERSION = YES;
				CLANG_WARN_OBJC_ROOT_CLASS = YES_ERROR;
				CLANG_WARN_UNREACHABLE_CODE = YES;
				CLANG_WARN__DUPLICATE_METHOD_MATCH = YES;
				CODE_SIGN_IDENTITY = "-";
				COPY_PHASE_STRIP = NO;
				DEBUG_INFORMATION_FORMAT = "dwarf-with-dsym";
				ENABLE_NS_ASSERTIONS = NO;
				ENABLE_STRICT_OBJC_MSGSEND = YES;
				GCC_C_LANGUAGE_STANDARD = gnu99;
				GCC_NO_COMMON_BLOCKS = YES;
				GCC_WARN_64_TO_32_BIT_CONVERSION = YES;
				GCC_WARN_ABOUT_RETURN_TYPE = YES_ERROR;
				GCC_WARN_UNDECLARED_SELECTOR = YES;
				GCC_WARN_UNINITIALIZED_AUTOS = YES_AGGRESSIVE;
				GCC_WARN_UNUSED_FUNCTION = YES;
				GCC_WARN_UNUSED_VARIABLE = YES;
				MACOSX_DEPLOYMENT_TARGET = 10.11;
				MTL_ENABLE_DEBUG_INFO = NO;
				SDKROOT = macosx;
			};
			name = Release;
		};
		F1CFA9D31D5AB69000685A17 /* Debug */ = {
			isa = XCBuildConfiguration;
			buildSettings = {
				PRODUCT_NAME = "$(TARGET_NAME)";
			};
			name = Debug;
		};
		F1CFA9D41D5AB69000685A17 /* Release */ = {
			isa = XCBuildConfiguration;
			buildSettings = {
				PRODUCT_NAME = "$(TARGET_NAME)";
			};
			name = Release;
		};
/* End XCBuildConfiguration section */

/* Begin XCConfigurationList section */
		F1CFA9C61D5AB69000685A17 /* Build configuration list for PBXProject "GoPro" */ = {
			isa = XCConfigurationList;
			buildConfigurations = (
				F1CFA9D01D5AB69000685A17 /* Debug */,
				F1CFA9D11D5AB69000685A17 /* Release */,
			);
			defaultConfigurationIsVisible = 0;
			defaultConfigurationName = Release;
		};
		F1CFA9D21D5AB69000685A17 /* Build configuration list for PBXNativeTarget "GoPro" */ = {
			isa = XCConfigurationList;
			buildConfigurations = (
				F1CFA9D31D5AB69000685A17 /* Debug */,
				F1CFA9D41D5AB69000685A17 /* Release */,
			);
			defaultConfigurationIsVisible = 0;
			defaultConfigurationName = Release;
		};
/* End XCConfigurationList section */
	};
	rootObject = F1CFA9C31D5AB69000685A17 /* Project object */;
}
